// !$*UTF8*$!
{
	archiveVersion = 1;
	classes = {
	};
	objectVersion = 46;
	objects = {

/* Begin PBXBuildFile section */
		4920EF2416D0F38800C8C0A0 /* AlwaysFailSpec.m in Sources */ = {isa = PBXBuildFile; fileRef = 4920EF2316D0F38800C8C0A0 /* AlwaysFailSpec.m */; };
		4920EF2816D0F3CA00C8C0A0 /* AOAlwaysFail.m in Sources */ = {isa = PBXBuildFile; fileRef = 4920EF2716D0F3CA00C8C0A0 /* AOAlwaysFail.m */; };
		4920EF2916D0F3CA00C8C0A0 /* AOAlwaysFail.m in Sources */ = {isa = PBXBuildFile; fileRef = 4920EF2716D0F3CA00C8C0A0 /* AOAlwaysFail.m */; };
		4920EF2C16D0F62800C8C0A0 /* AOAlwaysSucceed.m in Sources */ = {isa = PBXBuildFile; fileRef = 4920EF2B16D0F62700C8C0A0 /* AOAlwaysSucceed.m */; };
		4920EF2D16D0F62800C8C0A0 /* AOAlwaysSucceed.m in Sources */ = {isa = PBXBuildFile; fileRef = 4920EF2B16D0F62700C8C0A0 /* AOAlwaysSucceed.m */; };
		4920EF2F16D0F68000C8C0A0 /* AlwaysSucceedSpec.m in Sources */ = {isa = PBXBuildFile; fileRef = 4920EF2E16D0F68000C8C0A0 /* AlwaysSucceedSpec.m */; };
		49243ED31642EECB0040271B /* prefixed.json in Resources */ = {isa = PBXBuildFile; fileRef = 49243ED21642EECB0040271B /* prefixed.json */; };
		49243ED71642EF1A0040271B /* AOPrefixedAction.m in Sources */ = {isa = PBXBuildFile; fileRef = 49243ED61642EF1A0040271B /* AOPrefixedAction.m */; };
		49454960160527FC001F93A4 /* Foundation.framework in Frameworks */ = {isa = PBXBuildFile; fileRef = 4945495F160527FC001F93A4 /* Foundation.framework */; };
		49454965160527FC001F93A4 /* AOBehaviorTree.h in CopyFiles */ = {isa = PBXBuildFile; fileRef = 49454964160527FC001F93A4 /* AOBehaviorTree.h */; };
		49454967160527FC001F93A4 /* AOBehaviorTree.m in Sources */ = {isa = PBXBuildFile; fileRef = 49454966160527FC001F93A4 /* AOBehaviorTree.m */; };
		4945496F160527FD001F93A4 /* SenTestingKit.framework in Frameworks */ = {isa = PBXBuildFile; fileRef = 4945496E160527FD001F93A4 /* SenTestingKit.framework */; };
		49454971160527FD001F93A4 /* UIKit.framework in Frameworks */ = {isa = PBXBuildFile; fileRef = 49454970160527FD001F93A4 /* UIKit.framework */; };
		49454972160527FD001F93A4 /* Foundation.framework in Frameworks */ = {isa = PBXBuildFile; fileRef = 4945495F160527FC001F93A4 /* Foundation.framework */; };
		49454975160527FD001F93A4 /* libBehaviorTree.a in Frameworks */ = {isa = PBXBuildFile; fileRef = 4945495C160527FC001F93A4 /* libBehaviorTree.a */; };
		4945497B160527FD001F93A4 /* InfoPlist.strings in Resources */ = {isa = PBXBuildFile; fileRef = 49454979160527FD001F93A4 /* InfoPlist.strings */; };
		4945498D16052999001F93A4 /* libKiwi.a in Frameworks */ = {isa = PBXBuildFile; fileRef = 4945498C16052999001F93A4 /* libKiwi.a */; };
		4945499416052BE3001F93A4 /* AOComposite.m in Sources */ = {isa = PBXBuildFile; fileRef = 4945499316052BE3001F93A4 /* AOComposite.m */; };
		4945499616052CC1001F93A4 /* SelectorSpec.m in Sources */ = {isa = PBXBuildFile; fileRef = 4945499516052CC1001F93A4 /* SelectorSpec.m */; };
		4945499916052D81001F93A4 /* AOSelector.m in Sources */ = {isa = PBXBuildFile; fileRef = 4945499816052D81001F93A4 /* AOSelector.m */; };
		4945499C16052F05001F93A4 /* AOAction.m in Sources */ = {isa = PBXBuildFile; fileRef = 4945499B16052F05001F93A4 /* AOAction.m */; };
		4945499E16053026001F93A4 /* CompositeSpec.m in Sources */ = {isa = PBXBuildFile; fileRef = 4945499D16053026001F93A4 /* CompositeSpec.m */; };
		494549A116053679001F93A4 /* AOSequence.m in Sources */ = {isa = PBXBuildFile; fileRef = 494549A016053679001F93A4 /* AOSequence.m */; };
		494549A3160536B1001F93A4 /* SequenceSpec.m in Sources */ = {isa = PBXBuildFile; fileRef = 494549A2160536B1001F93A4 /* SequenceSpec.m */; };
		49575FF81669239300CB47C7 /* SetValueSpec.m in Sources */ = {isa = PBXBuildFile; fileRef = 49575FF71669239200CB47C7 /* SetValueSpec.m */; };
		49575FFC166923E400CB47C7 /* AOSetValue.m in Sources */ = {isa = PBXBuildFile; fileRef = 49575FFB166923E300CB47C7 /* AOSetValue.m */; };
		49575FFD166923E400CB47C7 /* AOSetValue.m in Sources */ = {isa = PBXBuildFile; fileRef = 49575FFB166923E300CB47C7 /* AOSetValue.m */; };
		495DC45E1667D63B00A9F332 /* HasValueSpec.m in Sources */ = {isa = PBXBuildFile; fileRef = 495DC45D1667D63B00A9F332 /* HasValueSpec.m */; };
		495DC4621667D6BB00A9F332 /* AOHasValue.m in Sources */ = {isa = PBXBuildFile; fileRef = 495DC4611667D6BB00A9F332 /* AOHasValue.m */; };
		495DC4631667D6BB00A9F332 /* AOHasValue.m in Sources */ = {isa = PBXBuildFile; fileRef = 495DC4611667D6BB00A9F332 /* AOHasValue.m */; };
		4985E1A81629936700571D2D /* AOBehaviorReader.m in Sources */ = {isa = PBXBuildFile; fileRef = 4985E1A71629936700571D2D /* AOBehaviorReader.m */; };
		4985E1AA162994C200571D2D /* action.json in Resources */ = {isa = PBXBuildFile; fileRef = 4985E1A9162994C200571D2D /* action.json */; };
		4998C467163494FF00E38F3C /* AOBehaviorTree.m in Sources */ = {isa = PBXBuildFile; fileRef = 49454966160527FC001F93A4 /* AOBehaviorTree.m */; };
		4998C468163494FF00E38F3C /* AOComposite.m in Sources */ = {isa = PBXBuildFile; fileRef = 4945499316052BE3001F93A4 /* AOComposite.m */; };
		4998C469163494FF00E38F3C /* AOSelector.m in Sources */ = {isa = PBXBuildFile; fileRef = 4945499816052D81001F93A4 /* AOSelector.m */; };
		4998C46A163494FF00E38F3C /* AOAction.m in Sources */ = {isa = PBXBuildFile; fileRef = 4945499B16052F05001F93A4 /* AOAction.m */; };
		4998C46B163494FF00E38F3C /* AOSequence.m in Sources */ = {isa = PBXBuildFile; fileRef = 494549A016053679001F93A4 /* AOSequence.m */; };
		4998C46C163494FF00E38F3C /* AOConcurrent.m in Sources */ = {isa = PBXBuildFile; fileRef = 49AC0713160F24AF00516DDD /* AOConcurrent.m */; };
		4998C46D163494FF00E38F3C /* AOTask.m in Sources */ = {isa = PBXBuildFile; fileRef = 49AC072E1610F15500516DDD /* AOTask.m */; };
		4998C46E163494FF00E38F3C /* AOCondition.m in Sources */ = {isa = PBXBuildFile; fileRef = 49AC07311610F3BF00516DDD /* AOCondition.m */; };
		4998C46F163494FF00E38F3C /* AOBehaviorReader.m in Sources */ = {isa = PBXBuildFile; fileRef = 4985E1A71629936700571D2D /* AOBehaviorReader.m */; };
		4998C471163494FF00E38F3C /* Foundation.framework in Frameworks */ = {isa = PBXBuildFile; fileRef = 4945495F160527FC001F93A4 /* Foundation.framework */; };
		4998C473163494FF00E38F3C /* AOBehaviorTree.h in CopyFiles */ = {isa = PBXBuildFile; fileRef = 49454964160527FC001F93A4 /* AOBehaviorTree.h */; };
		49AC0714160F24AF00516DDD /* AOConcurrent.m in Sources */ = {isa = PBXBuildFile; fileRef = 49AC0713160F24AF00516DDD /* AOConcurrent.m */; };
		49AC0717160F24DC00516DDD /* ConcurrentSpec.m in Sources */ = {isa = PBXBuildFile; fileRef = 49AC0716160F24DC00516DDD /* ConcurrentSpec.m */; };
		49AC072F1610F15600516DDD /* AOTask.m in Sources */ = {isa = PBXBuildFile; fileRef = 49AC072E1610F15500516DDD /* AOTask.m */; };
		49AC07321610F3BF00516DDD /* AOCondition.m in Sources */ = {isa = PBXBuildFile; fileRef = 49AC07311610F3BF00516DDD /* AOCondition.m */; };
		49AC07341610F48600516DDD /* ConditionSpec.m in Sources */ = {isa = PBXBuildFile; fileRef = 49AC07331610F48600516DDD /* ConditionSpec.m */; };
		49BA37CB1656BAF400217B48 /* AODecorator.m in Sources */ = {isa = PBXBuildFile; fileRef = 49F84AB4164E68C800328A7A /* AODecorator.m */; };
		49BC784D1631CF5C00F2516A /* libNSLoggerClient.a in Frameworks */ = {isa = PBXBuildFile; fileRef = 49BC784C1631CF5C00F2516A /* libNSLoggerClient.a */; };
		49BC784F1631CF7700F2516A /* CFNetwork.framework in Frameworks */ = {isa = PBXBuildFile; fileRef = 49BC784E1631CF7700F2516A /* CFNetwork.framework */; };
		49BC78511631CF7F00F2516A /* SystemConfiguration.framework in Frameworks */ = {isa = PBXBuildFile; fileRef = 49BC78501631CF7F00F2516A /* SystemConfiguration.framework */; };
		49DAC82016064E7100BD1DE5 /* BehaviorTreeSpec.m in Sources */ = {isa = PBXBuildFile; fileRef = 49DAC81F16064E7100BD1DE5 /* BehaviorTreeSpec.m */; };
		49F84AB5164E68C800328A7A /* AODecorator.m in Sources */ = {isa = PBXBuildFile; fileRef = 49F84AB4164E68C800328A7A /* AODecorator.m */; };
		49F84AB8164E695D00328A7A /* DecoratorSpec.m in Sources */ = {isa = PBXBuildFile; fileRef = 49F84AB7164E695D00328A7A /* DecoratorSpec.m */; };
		49FE27B11629969200916552 /* BehaviorReaderSpec.m in Sources */ = {isa = PBXBuildFile; fileRef = 4985E1A31629930400571D2D /* BehaviorReaderSpec.m */; };
		49FE27B61629B74100916552 /* TestAction.m in Sources */ = {isa = PBXBuildFile; fileRef = 49FE27B51629B74100916552 /* TestAction.m */; };
		49FE27B91629B75000916552 /* TestDecorator.m in Sources */ = {isa = PBXBuildFile; fileRef = 49FE27B81629B75000916552 /* TestDecorator.m */; };
		49FE27BC1629B7E200916552 /* selector.json in Resources */ = {isa = PBXBuildFile; fileRef = 49FE27BB1629B7E200916552 /* selector.json */; };
		49FE27BE1629BCEF00916552 /* sequence.json in Resources */ = {isa = PBXBuildFile; fileRef = 49FE27BD1629BCEF00916552 /* sequence.json */; };
		49FE27C01629BE2900916552 /* decorator.json in Resources */ = {isa = PBXBuildFile; fileRef = 49FE27BF1629BE2900916552 /* decorator.json */; };
		49FE27CD162A292400916552 /* TestEntity.m in Sources */ = {isa = PBXBuildFile; fileRef = 49FE27CC162A292400916552 /* TestEntity.m */; };
/* End PBXBuildFile section */

/* Begin PBXContainerItemProxy section */
		49454973160527FD001F93A4 /* PBXContainerItemProxy */ = {
			isa = PBXContainerItemProxy;
			containerPortal = 49454953160527FC001F93A4 /* Project object */;
			proxyType = 1;
			remoteGlobalIDString = 4945495B160527FC001F93A4;
			remoteInfo = BehaviorTree;
		};
/* End PBXContainerItemProxy section */

/* Begin PBXCopyFilesBuildPhase section */
		4945495A160527FC001F93A4 /* CopyFiles */ = {
			isa = PBXCopyFilesBuildPhase;
			buildActionMask = 2147483647;
			dstPath = "include/${PRODUCT_NAME}";
			dstSubfolderSpec = 16;
			files = (
				49454965160527FC001F93A4 /* AOBehaviorTree.h in CopyFiles */,
			);
			runOnlyForDeploymentPostprocessing = 0;
		};
		4998C472163494FF00E38F3C /* CopyFiles */ = {
			isa = PBXCopyFilesBuildPhase;
			buildActionMask = 2147483647;
			dstPath = "include/${PRODUCT_NAME}";
			dstSubfolderSpec = 16;
			files = (
				4998C473163494FF00E38F3C /* AOBehaviorTree.h in CopyFiles */,
			);
			runOnlyForDeploymentPostprocessing = 0;
		};
/* End PBXCopyFilesBuildPhase section */

/* Begin PBXFileReference section */
		4920EF2316D0F38800C8C0A0 /* AlwaysFailSpec.m */ = {isa = PBXFileReference; fileEncoding = 4; lastKnownFileType = sourcecode.c.objc; path = AlwaysFailSpec.m; sourceTree = "<group>"; };
		4920EF2616D0F3C900C8C0A0 /* AOAlwaysFail.h */ = {isa = PBXFileReference; fileEncoding = 4; lastKnownFileType = sourcecode.c.h; path = AOAlwaysFail.h; sourceTree = "<group>"; };
		4920EF2716D0F3CA00C8C0A0 /* AOAlwaysFail.m */ = {isa = PBXFileReference; fileEncoding = 4; lastKnownFileType = sourcecode.c.objc; path = AOAlwaysFail.m; sourceTree = "<group>"; };
		4920EF2A16D0F62600C8C0A0 /* AOAlwaysSucceed.h */ = {isa = PBXFileReference; fileEncoding = 4; lastKnownFileType = sourcecode.c.h; path = AOAlwaysSucceed.h; sourceTree = "<group>"; };
		4920EF2B16D0F62700C8C0A0 /* AOAlwaysSucceed.m */ = {isa = PBXFileReference; fileEncoding = 4; lastKnownFileType = sourcecode.c.objc; path = AOAlwaysSucceed.m; sourceTree = "<group>"; };
		4920EF2E16D0F68000C8C0A0 /* AlwaysSucceedSpec.m */ = {isa = PBXFileReference; fileEncoding = 4; lastKnownFileType = sourcecode.c.objc; path = AlwaysSucceedSpec.m; sourceTree = "<group>"; };
		49243ED21642EECB0040271B /* prefixed.json */ = {isa = PBXFileReference; fileEncoding = 4; lastKnownFileType = text.json; path = prefixed.json; sourceTree = "<group>"; };
		49243ED51642EF190040271B /* AOPrefixedAction.h */ = {isa = PBXFileReference; fileEncoding = 4; lastKnownFileType = sourcecode.c.h; path = AOPrefixedAction.h; sourceTree = "<group>"; };
		49243ED61642EF1A0040271B /* AOPrefixedAction.m */ = {isa = PBXFileReference; fileEncoding = 4; lastKnownFileType = sourcecode.c.objc; path = AOPrefixedAction.m; sourceTree = "<group>"; };
		4945495C160527FC001F93A4 /* libBehaviorTree.a */ = {isa = PBXFileReference; explicitFileType = archive.ar; includeInIndex = 0; path = libBehaviorTree.a; sourceTree = BUILT_PRODUCTS_DIR; };
		4945495F160527FC001F93A4 /* Foundation.framework */ = {isa = PBXFileReference; lastKnownFileType = wrapper.framework; name = Foundation.framework; path = System/Library/Frameworks/Foundation.framework; sourceTree = SDKROOT; };
		49454963160527FC001F93A4 /* BehaviorTree-Prefix.pch */ = {isa = PBXFileReference; lastKnownFileType = sourcecode.c.h; path = "BehaviorTree-Prefix.pch"; sourceTree = "<group>"; };
		49454964160527FC001F93A4 /* AOBehaviorTree.h */ = {isa = PBXFileReference; lastKnownFileType = sourcecode.c.h; path = AOBehaviorTree.h; sourceTree = "<group>"; };
		49454966160527FC001F93A4 /* AOBehaviorTree.m */ = {isa = PBXFileReference; lastKnownFileType = sourcecode.c.objc; path = AOBehaviorTree.m; sourceTree = "<group>"; };
		4945496D160527FD001F93A4 /* BehaviorTreeTests.octest */ = {isa = PBXFileReference; explicitFileType = wrapper.cfbundle; includeInIndex = 0; path = BehaviorTreeTests.octest; sourceTree = BUILT_PRODUCTS_DIR; };
		4945496E160527FD001F93A4 /* SenTestingKit.framework */ = {isa = PBXFileReference; lastKnownFileType = wrapper.framework; name = SenTestingKit.framework; path = Library/Frameworks/SenTestingKit.framework; sourceTree = DEVELOPER_DIR; };
		49454970160527FD001F93A4 /* UIKit.framework */ = {isa = PBXFileReference; lastKnownFileType = wrapper.framework; name = UIKit.framework; path = Library/Frameworks/UIKit.framework; sourceTree = DEVELOPER_DIR; };
		49454978160527FD001F93A4 /* BehaviorTreeTests-Info.plist */ = {isa = PBXFileReference; lastKnownFileType = text.plist.xml; path = "BehaviorTreeTests-Info.plist"; sourceTree = "<group>"; };
		4945497A160527FD001F93A4 /* en */ = {isa = PBXFileReference; lastKnownFileType = text.plist.strings; name = en; path = en.lproj/InfoPlist.strings; sourceTree = "<group>"; };
		4945498C16052999001F93A4 /* libKiwi.a */ = {isa = PBXFileReference; lastKnownFileType = archive.ar; name = libKiwi.a; path = "../Frameworks/Kiwi/build/Release-iphoneos/libKiwi.a"; sourceTree = "<group>"; };
		4945499116052AFC001F93A4 /* AOTask.h */ = {isa = PBXFileReference; fileEncoding = 4; lastKnownFileType = sourcecode.c.h; path = AOTask.h; sourceTree = "<group>"; };
		4945499216052BE3001F93A4 /* AOComposite.h */ = {isa = PBXFileReference; fileEncoding = 4; lastKnownFileType = sourcecode.c.h; path = AOComposite.h; sourceTree = "<group>"; };
		4945499316052BE3001F93A4 /* AOComposite.m */ = {isa = PBXFileReference; fileEncoding = 4; lastKnownFileType = sourcecode.c.objc; path = AOComposite.m; sourceTree = "<group>"; };
		4945499516052CC1001F93A4 /* SelectorSpec.m */ = {isa = PBXFileReference; fileEncoding = 4; lastKnownFileType = sourcecode.c.objc; path = SelectorSpec.m; sourceTree = "<group>"; };
		4945499716052D81001F93A4 /* AOSelector.h */ = {isa = PBXFileReference; fileEncoding = 4; lastKnownFileType = sourcecode.c.h; path = AOSelector.h; sourceTree = "<group>"; };
		4945499816052D81001F93A4 /* AOSelector.m */ = {isa = PBXFileReference; fileEncoding = 4; lastKnownFileType = sourcecode.c.objc; path = AOSelector.m; sourceTree = "<group>"; };
		4945499A16052F05001F93A4 /* AOAction.h */ = {isa = PBXFileReference; fileEncoding = 4; lastKnownFileType = sourcecode.c.h; path = AOAction.h; sourceTree = "<group>"; };
		4945499B16052F05001F93A4 /* AOAction.m */ = {isa = PBXFileReference; fileEncoding = 4; lastKnownFileType = sourcecode.c.objc; path = AOAction.m; sourceTree = "<group>"; };
		4945499D16053026001F93A4 /* CompositeSpec.m */ = {isa = PBXFileReference; fileEncoding = 4; lastKnownFileType = sourcecode.c.objc; path = CompositeSpec.m; sourceTree = "<group>"; };
		4945499F16053679001F93A4 /* AOSequence.h */ = {isa = PBXFileReference; fileEncoding = 4; lastKnownFileType = sourcecode.c.h; path = AOSequence.h; sourceTree = "<group>"; };
		494549A016053679001F93A4 /* AOSequence.m */ = {isa = PBXFileReference; fileEncoding = 4; lastKnownFileType = sourcecode.c.objc; path = AOSequence.m; sourceTree = "<group>"; };
		494549A2160536B1001F93A4 /* SequenceSpec.m */ = {isa = PBXFileReference; fileEncoding = 4; lastKnownFileType = sourcecode.c.objc; path = SequenceSpec.m; sourceTree = "<group>"; };
		49575FF71669239200CB47C7 /* SetValueSpec.m */ = {isa = PBXFileReference; fileEncoding = 4; lastKnownFileType = sourcecode.c.objc; path = SetValueSpec.m; sourceTree = "<group>"; };
		49575FFA166923E200CB47C7 /* AOSetValue.h */ = {isa = PBXFileReference; fileEncoding = 4; lastKnownFileType = sourcecode.c.h; path = AOSetValue.h; sourceTree = "<group>"; };
		49575FFB166923E300CB47C7 /* AOSetValue.m */ = {isa = PBXFileReference; fileEncoding = 4; lastKnownFileType = sourcecode.c.objc; path = AOSetValue.m; sourceTree = "<group>"; };
		495DC45D1667D63B00A9F332 /* HasValueSpec.m */ = {isa = PBXFileReference; fileEncoding = 4; lastKnownFileType = sourcecode.c.objc; path = HasValueSpec.m; sourceTree = "<group>"; };
		495DC4601667D6BB00A9F332 /* AOHasValue.h */ = {isa = PBXFileReference; fileEncoding = 4; lastKnownFileType = sourcecode.c.h; path = AOHasValue.h; sourceTree = "<group>"; };
		495DC4611667D6BB00A9F332 /* AOHasValue.m */ = {isa = PBXFileReference; fileEncoding = 4; lastKnownFileType = sourcecode.c.objc; path = AOHasValue.m; sourceTree = "<group>"; };
		4985E1A31629930400571D2D /* BehaviorReaderSpec.m */ = {isa = PBXFileReference; fileEncoding = 4; lastKnownFileType = sourcecode.c.objc; path = BehaviorReaderSpec.m; sourceTree = "<group>"; };
		4985E1A61629936700571D2D /* AOBehaviorReader.h */ = {isa = PBXFileReference; fileEncoding = 4; lastKnownFileType = sourcecode.c.h; path = AOBehaviorReader.h; sourceTree = "<group>"; };
		4985E1A71629936700571D2D /* AOBehaviorReader.m */ = {isa = PBXFileReference; fileEncoding = 4; lastKnownFileType = sourcecode.c.objc; path = AOBehaviorReader.m; sourceTree = "<group>"; };
		4985E1A9162994C200571D2D /* action.json */ = {isa = PBXFileReference; fileEncoding = 4; lastKnownFileType = text.json; path = action.json; sourceTree = "<group>"; };
		4998C477163494FF00E38F3C /* libBehaviorTree-verbose.a */ = {isa = PBXFileReference; explicitFileType = archive.ar; includeInIndex = 0; path = "libBehaviorTree-verbose.a"; sourceTree = BUILT_PRODUCTS_DIR; };
		49AC0712160F24AF00516DDD /* AOConcurrent.h */ = {isa = PBXFileReference; fileEncoding = 4; lastKnownFileType = sourcecode.c.h; path = AOConcurrent.h; sourceTree = "<group>"; };
		49AC0713160F24AF00516DDD /* AOConcurrent.m */ = {isa = PBXFileReference; fileEncoding = 4; lastKnownFileType = sourcecode.c.objc; path = AOConcurrent.m; sourceTree = "<group>"; };
		49AC0716160F24DC00516DDD /* ConcurrentSpec.m */ = {isa = PBXFileReference; fileEncoding = 4; lastKnownFileType = sourcecode.c.objc; path = ConcurrentSpec.m; sourceTree = "<group>"; };
		49AC072E1610F15500516DDD /* AOTask.m */ = {isa = PBXFileReference; fileEncoding = 4; lastKnownFileType = sourcecode.c.objc; path = AOTask.m; sourceTree = "<group>"; };
		49AC07301610F3BF00516DDD /* AOCondition.h */ = {isa = PBXFileReference; fileEncoding = 4; lastKnownFileType = sourcecode.c.h; path = AOCondition.h; sourceTree = "<group>"; };
		49AC07311610F3BF00516DDD /* AOCondition.m */ = {isa = PBXFileReference; fileEncoding = 4; lastKnownFileType = sourcecode.c.objc; path = AOCondition.m; sourceTree = "<group>"; };
		49AC07331610F48600516DDD /* ConditionSpec.m */ = {isa = PBXFileReference; fileEncoding = 4; lastKnownFileType = sourcecode.c.objc; path = ConditionSpec.m; sourceTree = "<group>"; };
		49BC784C1631CF5C00F2516A /* libNSLoggerClient.a */ = {isa = PBXFileReference; lastKnownFileType = archive.ar; name = libNSLoggerClient.a; path = "build/Release-iphoneos/libNSLoggerClient.a"; sourceTree = "<group>"; };
		49BC784E1631CF7700F2516A /* CFNetwork.framework */ = {isa = PBXFileReference; lastKnownFileType = wrapper.framework; name = CFNetwork.framework; path = System/Library/Frameworks/CFNetwork.framework; sourceTree = SDKROOT; };
		49BC78501631CF7F00F2516A /* SystemConfiguration.framework */ = {isa = PBXFileReference; lastKnownFileType = wrapper.framework; name = SystemConfiguration.framework; path = System/Library/Frameworks/SystemConfiguration.framework; sourceTree = SDKROOT; };
		49C724B316307CA5007C6900 /* BTreeLogging.h */ = {isa = PBXFileReference; lastKnownFileType = sourcecode.c.h; path = BTreeLogging.h; sourceTree = "<group>"; };
		49DAC81F16064E7100BD1DE5 /* BehaviorTreeSpec.m */ = {isa = PBXFileReference; fileEncoding = 4; lastKnownFileType = sourcecode.c.objc; path = BehaviorTreeSpec.m; sourceTree = "<group>"; };
		49F84AB3164E68C800328A7A /* AODecorator.h */ = {isa = PBXFileReference; fileEncoding = 4; lastKnownFileType = sourcecode.c.h; path = AODecorator.h; sourceTree = "<group>"; };
		49F84AB4164E68C800328A7A /* AODecorator.m */ = {isa = PBXFileReference; fileEncoding = 4; lastKnownFileType = sourcecode.c.objc; path = AODecorator.m; sourceTree = "<group>"; };
		49F84AB7164E695D00328A7A /* DecoratorSpec.m */ = {isa = PBXFileReference; fileEncoding = 4; lastKnownFileType = sourcecode.c.objc; path = DecoratorSpec.m; sourceTree = "<group>"; };
		49FE27B41629B74100916552 /* TestAction.h */ = {isa = PBXFileReference; fileEncoding = 4; lastKnownFileType = sourcecode.c.h; path = TestAction.h; sourceTree = "<group>"; };
		49FE27B51629B74100916552 /* TestAction.m */ = {isa = PBXFileReference; fileEncoding = 4; lastKnownFileType = sourcecode.c.objc; path = TestAction.m; sourceTree = "<group>"; };
		49FE27B71629B75000916552 /* TestDecorator.h */ = {isa = PBXFileReference; fileEncoding = 4; lastKnownFileType = sourcecode.c.h; path = TestDecorator.h; sourceTree = "<group>"; };
		49FE27B81629B75000916552 /* TestDecorator.m */ = {isa = PBXFileReference; fileEncoding = 4; lastKnownFileType = sourcecode.c.objc; path = TestDecorator.m; sourceTree = "<group>"; };
		49FE27BB1629B7E200916552 /* selector.json */ = {isa = PBXFileReference; fileEncoding = 4; lastKnownFileType = text.json; path = selector.json; sourceTree = "<group>"; };
		49FE27BD1629BCEF00916552 /* sequence.json */ = {isa = PBXFileReference; fileEncoding = 4; lastKnownFileType = text.json; path = sequence.json; sourceTree = "<group>"; };
		49FE27BF1629BE2900916552 /* decorator.json */ = {isa = PBXFileReference; fileEncoding = 4; lastKnownFileType = text.json; path = decorator.json; sourceTree = "<group>"; };
		49FE27CB162A292400916552 /* TestEntity.h */ = {isa = PBXFileReference; fileEncoding = 4; lastKnownFileType = sourcecode.c.h; path = TestEntity.h; sourceTree = "<group>"; };
		49FE27CC162A292400916552 /* TestEntity.m */ = {isa = PBXFileReference; fileEncoding = 4; lastKnownFileType = sourcecode.c.objc; path = TestEntity.m; sourceTree = "<group>"; };
/* End PBXFileReference section */

/* Begin PBXFrameworksBuildPhase section */
		49454959160527FC001F93A4 /* Frameworks */ = {
			isa = PBXFrameworksBuildPhase;
			buildActionMask = 2147483647;
			files = (
				49454960160527FC001F93A4 /* Foundation.framework in Frameworks */,
			);
			runOnlyForDeploymentPostprocessing = 0;
		};
		49454969160527FD001F93A4 /* Frameworks */ = {
			isa = PBXFrameworksBuildPhase;
			buildActionMask = 2147483647;
			files = (
				49BC78511631CF7F00F2516A /* SystemConfiguration.framework in Frameworks */,
				49BC784F1631CF7700F2516A /* CFNetwork.framework in Frameworks */,
				49BC784D1631CF5C00F2516A /* libNSLoggerClient.a in Frameworks */,
				4945498D16052999001F93A4 /* libKiwi.a in Frameworks */,
				4945496F160527FD001F93A4 /* SenTestingKit.framework in Frameworks */,
				49454971160527FD001F93A4 /* UIKit.framework in Frameworks */,
				49454972160527FD001F93A4 /* Foundation.framework in Frameworks */,
				49454975160527FD001F93A4 /* libBehaviorTree.a in Frameworks */,
			);
			runOnlyForDeploymentPostprocessing = 0;
		};
		4998C470163494FF00E38F3C /* Frameworks */ = {
			isa = PBXFrameworksBuildPhase;
			buildActionMask = 2147483647;
			files = (
				4998C471163494FF00E38F3C /* Foundation.framework in Frameworks */,
			);
			runOnlyForDeploymentPostprocessing = 0;
		};
/* End PBXFrameworksBuildPhase section */

/* Begin PBXGroup section */
		4920EF3016D0F6EE00C8C0A0 /* Composite */ = {
			isa = PBXGroup;
			children = (
				4945499216052BE3001F93A4 /* AOComposite.h */,
				4945499316052BE3001F93A4 /* AOComposite.m */,
				49AC0712160F24AF00516DDD /* AOConcurrent.h */,
				49AC0713160F24AF00516DDD /* AOConcurrent.m */,
				4945499716052D81001F93A4 /* AOSelector.h */,
				4945499816052D81001F93A4 /* AOSelector.m */,
				4945499F16053679001F93A4 /* AOSequence.h */,
				494549A016053679001F93A4 /* AOSequence.m */,
			);
			name = Composite;
			sourceTree = "<group>";
		};
		4920EF3116D0F6F600C8C0A0 /* Decorator */ = {
			isa = PBXGroup;
			children = (
				4920EF2616D0F3C900C8C0A0 /* AOAlwaysFail.h */,
				4920EF2716D0F3CA00C8C0A0 /* AOAlwaysFail.m */,
				4920EF2A16D0F62600C8C0A0 /* AOAlwaysSucceed.h */,
				4920EF2B16D0F62700C8C0A0 /* AOAlwaysSucceed.m */,
				49F84AB3164E68C800328A7A /* AODecorator.h */,
				49F84AB4164E68C800328A7A /* AODecorator.m */,
			);
			name = Decorator;
			sourceTree = "<group>";
		};
		4920EF3216D0F7A100C8C0A0 /* Action */ = {
			isa = PBXGroup;
			children = (
				4945499A16052F05001F93A4 /* AOAction.h */,
				4945499B16052F05001F93A4 /* AOAction.m */,
				49AC07301610F3BF00516DDD /* AOCondition.h */,
				49AC07311610F3BF00516DDD /* AOCondition.m */,
				495DC4601667D6BB00A9F332 /* AOHasValue.h */,
				495DC4611667D6BB00A9F332 /* AOHasValue.m */,
				49575FFA166923E200CB47C7 /* AOSetValue.h */,
				49575FFB166923E300CB47C7 /* AOSetValue.m */,
			);
			name = Action;
			sourceTree = "<group>";
		};
		49454951160527FC001F93A4 = {
			isa = PBXGroup;
			children = (
				49454961160527FC001F93A4 /* BehaviorTree */,
				49454976160527FD001F93A4 /* BehaviorTreeTests */,
				4945495E160527FC001F93A4 /* Frameworks */,
				4945495D160527FC001F93A4 /* Products */,
			);
			sourceTree = "<group>";
		};
		4945495D160527FC001F93A4 /* Products */ = {
			isa = PBXGroup;
			children = (
				4945495C160527FC001F93A4 /* libBehaviorTree.a */,
				4945496D160527FD001F93A4 /* BehaviorTreeTests.octest */,
				4998C477163494FF00E38F3C /* libBehaviorTree-verbose.a */,
			);
			name = Products;
			sourceTree = "<group>";
		};
		4945495E160527FC001F93A4 /* Frameworks */ = {
			isa = PBXGroup;
			children = (
				4945498C16052999001F93A4 /* libKiwi.a */,
				49BC784C1631CF5C00F2516A /* libNSLoggerClient.a */,
				49BC784E1631CF7700F2516A /* CFNetwork.framework */,
				4945495F160527FC001F93A4 /* Foundation.framework */,
				4945496E160527FD001F93A4 /* SenTestingKit.framework */,
				49BC78501631CF7F00F2516A /* SystemConfiguration.framework */,
				49454970160527FD001F93A4 /* UIKit.framework */,
			);
			name = Frameworks;
			sourceTree = "<group>";
		};
		49454961160527FC001F93A4 /* BehaviorTree */ = {
			isa = PBXGroup;
			children = (
				49A15019164448AA0020FA2D /* Tasks */,
				4985E1A61629936700571D2D /* AOBehaviorReader.h */,
				4985E1A71629936700571D2D /* AOBehaviorReader.m */,
				49454964160527FC001F93A4 /* AOBehaviorTree.h */,
				49454966160527FC001F93A4 /* AOBehaviorTree.m */,
				49C724B316307CA5007C6900 /* BTreeLogging.h */,
				49454962160527FC001F93A4 /* Supporting Files */,
			);
			path = BehaviorTree;
			sourceTree = "<group>";
		};
		49454962160527FC001F93A4 /* Supporting Files */ = {
			isa = PBXGroup;
			children = (
				49454963160527FC001F93A4 /* BehaviorTree-Prefix.pch */,
			);
			name = "Supporting Files";
			sourceTree = "<group>";
		};
		49454976160527FD001F93A4 /* BehaviorTreeTests */ = {
			isa = PBXGroup;
			children = (
				4920EF2316D0F38800C8C0A0 /* AlwaysFailSpec.m */,
				4920EF2E16D0F68000C8C0A0 /* AlwaysSucceedSpec.m */,
				4985E1A31629930400571D2D /* BehaviorReaderSpec.m */,
				49DAC81F16064E7100BD1DE5 /* BehaviorTreeSpec.m */,
				4945499D16053026001F93A4 /* CompositeSpec.m */,
				49AC0716160F24DC00516DDD /* ConcurrentSpec.m */,
				49AC07331610F48600516DDD /* ConditionSpec.m */,
				49F84AB7164E695D00328A7A /* DecoratorSpec.m */,
				495DC45D1667D63B00A9F332 /* HasValueSpec.m */,
				49FE27BA1629B79100916552 /* Resources */,
				4945499516052CC1001F93A4 /* SelectorSpec.m */,
				494549A2160536B1001F93A4 /* SequenceSpec.m */,
				49575FF71669239200CB47C7 /* SetValueSpec.m */,
				49454977160527FD001F93A4 /* Supporting Files */,
				49FE27CE162A2B1B00916552 /* TestEntities */,
				49FE27B31629B72900916552 /* TestTasks */,
			);
			path = BehaviorTreeTests;
			sourceTree = "<group>";
		};
		49454977160527FD001F93A4 /* Supporting Files */ = {
			isa = PBXGroup;
			children = (
				49454978160527FD001F93A4 /* BehaviorTreeTests-Info.plist */,
				49454979160527FD001F93A4 /* InfoPlist.strings */,
			);
			name = "Supporting Files";
			sourceTree = "<group>";
		};
		49A15019164448AA0020FA2D /* Tasks */ = {
			isa = PBXGroup;
			children = (
				4920EF3216D0F7A100C8C0A0 /* Action */,
				4920EF3016D0F6EE00C8C0A0 /* Composite */,
				4920EF3116D0F6F600C8C0A0 /* Decorator */,
				4945499116052AFC001F93A4 /* AOTask.h */,
				49AC072E1610F15500516DDD /* AOTask.m */,
			);
			name = Tasks;
			sourceTree = "<group>";
		};
		49FE27B31629B72900916552 /* TestTasks */ = {
			isa = PBXGroup;
			children = (
				49243ED51642EF190040271B /* AOPrefixedAction.h */,
				49243ED61642EF1A0040271B /* AOPrefixedAction.m */,
				49FE27B41629B74100916552 /* TestAction.h */,
				49FE27B51629B74100916552 /* TestAction.m */,
				49FE27B71629B75000916552 /* TestDecorator.h */,
				49FE27B81629B75000916552 /* TestDecorator.m */,
			);
			name = TestTasks;
			sourceTree = "<group>";
		};
		49FE27BA1629B79100916552 /* Resources */ = {
			isa = PBXGroup;
			children = (
				4985E1A9162994C200571D2D /* action.json */,
				49FE27BF1629BE2900916552 /* decorator.json */,
				49243ED21642EECB0040271B /* prefixed.json */,
				49FE27BB1629B7E200916552 /* selector.json */,
				49FE27BD1629BCEF00916552 /* sequence.json */,
			);
			name = Resources;
			sourceTree = "<group>";
		};
		49FE27CE162A2B1B00916552 /* TestEntities */ = {
			isa = PBXGroup;
			children = (
				49FE27CB162A292400916552 /* TestEntity.h */,
				49FE27CC162A292400916552 /* TestEntity.m */,
			);
			name = TestEntities;
			sourceTree = "<group>";
		};
/* End PBXGroup section */

/* Begin PBXNativeTarget section */
		4945495B160527FC001F93A4 /* BehaviorTree */ = {
			isa = PBXNativeTarget;
			buildConfigurationList = 49454981160527FD001F93A4 /* Build configuration list for PBXNativeTarget "BehaviorTree" */;
			buildPhases = (
				49454958160527FC001F93A4 /* Sources */,
				49454959160527FC001F93A4 /* Frameworks */,
				4945495A160527FC001F93A4 /* CopyFiles */,
			);
			buildRules = (
			);
			dependencies = (
			);
			name = BehaviorTree;
			productName = BehaviorTree;
			productReference = 4945495C160527FC001F93A4 /* libBehaviorTree.a */;
			productType = "com.apple.product-type.library.static";
		};
		4945496C160527FD001F93A4 /* BehaviorTreeTests */ = {
			isa = PBXNativeTarget;
			buildConfigurationList = 49454984160527FD001F93A4 /* Build configuration list for PBXNativeTarget "BehaviorTreeTests" */;
			buildPhases = (
				49454968160527FD001F93A4 /* Sources */,
				49454969160527FD001F93A4 /* Frameworks */,
				4945496A160527FD001F93A4 /* Resources */,
				4945496B160527FD001F93A4 /* ShellScript */,
			);
			buildRules = (
			);
			dependencies = (
				49454974160527FD001F93A4 /* PBXTargetDependency */,
			);
			name = BehaviorTreeTests;
			productName = BehaviorTreeTests;
			productReference = 4945496D160527FD001F93A4 /* BehaviorTreeTests.octest */;
			productType = "com.apple.product-type.bundle";
		};
		4998C465163494FF00E38F3C /* BehaviorTree-verbose */ = {
			isa = PBXNativeTarget;
			buildConfigurationList = 4998C474163494FF00E38F3C /* Build configuration list for PBXNativeTarget "BehaviorTree-verbose" */;
			buildPhases = (
				4998C466163494FF00E38F3C /* Sources */,
				4998C470163494FF00E38F3C /* Frameworks */,
				4998C472163494FF00E38F3C /* CopyFiles */,
			);
			buildRules = (
			);
			dependencies = (
			);
			name = "BehaviorTree-verbose";
			productName = BehaviorTree;
			productReference = 4998C477163494FF00E38F3C /* libBehaviorTree-verbose.a */;
			productType = "com.apple.product-type.library.static";
		};
/* End PBXNativeTarget section */

/* Begin PBXProject section */
		49454953160527FC001F93A4 /* Project object */ = {
			isa = PBXProject;
			attributes = {
				LastUpgradeCheck = 0460;
				ORGANIZATIONNAME = "Andrew O'Connor";
			};
			buildConfigurationList = 49454956160527FC001F93A4 /* Build configuration list for PBXProject "BehaviorTree" */;
			compatibilityVersion = "Xcode 3.2";
			developmentRegion = English;
			hasScannedForEncodings = 0;
			knownRegions = (
				en,
			);
			mainGroup = 49454951160527FC001F93A4;
			productRefGroup = 4945495D160527FC001F93A4 /* Products */;
			projectDirPath = "";
			projectRoot = "";
			targets = (
				4945495B160527FC001F93A4 /* BehaviorTree */,
				4945496C160527FD001F93A4 /* BehaviorTreeTests */,
				4998C465163494FF00E38F3C /* BehaviorTree-verbose */,
			);
		};
/* End PBXProject section */

/* Begin PBXResourcesBuildPhase section */
		4945496A160527FD001F93A4 /* Resources */ = {
			isa = PBXResourcesBuildPhase;
			buildActionMask = 2147483647;
			files = (
				4945497B160527FD001F93A4 /* InfoPlist.strings in Resources */,
				4985E1AA162994C200571D2D /* action.json in Resources */,
				49FE27BC1629B7E200916552 /* selector.json in Resources */,
				49FE27BE1629BCEF00916552 /* sequence.json in Resources */,
				49FE27C01629BE2900916552 /* decorator.json in Resources */,
				49243ED31642EECB0040271B /* prefixed.json in Resources */,
			);
			runOnlyForDeploymentPostprocessing = 0;
		};
/* End PBXResourcesBuildPhase section */

/* Begin PBXShellScriptBuildPhase section */
		4945496B160527FD001F93A4 /* ShellScript */ = {
			isa = PBXShellScriptBuildPhase;
			buildActionMask = 2147483647;
			files = (
			);
			inputPaths = (
			);
			outputPaths = (
			);
			runOnlyForDeploymentPostprocessing = 0;
			shellPath = /bin/sh;
			shellScript = "# Run the unit tests in this test bundle.\n\"${SYSTEM_DEVELOPER_DIR}/Tools/RunUnitTests\"\n";
		};
/* End PBXShellScriptBuildPhase section */

/* Begin PBXSourcesBuildPhase section */
		49454958160527FC001F93A4 /* Sources */ = {
			isa = PBXSourcesBuildPhase;
			buildActionMask = 2147483647;
			files = (
				49454967160527FC001F93A4 /* AOBehaviorTree.m in Sources */,
				4945499416052BE3001F93A4 /* AOComposite.m in Sources */,
				4945499916052D81001F93A4 /* AOSelector.m in Sources */,
				4945499C16052F05001F93A4 /* AOAction.m in Sources */,
				494549A116053679001F93A4 /* AOSequence.m in Sources */,
				49AC0714160F24AF00516DDD /* AOConcurrent.m in Sources */,
				49AC072F1610F15600516DDD /* AOTask.m in Sources */,
				49AC07321610F3BF00516DDD /* AOCondition.m in Sources */,
				4985E1A81629936700571D2D /* AOBehaviorReader.m in Sources */,
				49F84AB5164E68C800328A7A /* AODecorator.m in Sources */,
				495DC4621667D6BB00A9F332 /* AOHasValue.m in Sources */,
				49575FFC166923E400CB47C7 /* AOSetValue.m in Sources */,
				4920EF2816D0F3CA00C8C0A0 /* AOAlwaysFail.m in Sources */,
				4920EF2C16D0F62800C8C0A0 /* AOAlwaysSucceed.m in Sources */,
			);
			runOnlyForDeploymentPostprocessing = 0;
		};
		49454968160527FD001F93A4 /* Sources */ = {
			isa = PBXSourcesBuildPhase;
			buildActionMask = 2147483647;
			files = (
				49FE27B11629969200916552 /* BehaviorReaderSpec.m in Sources */,
				4945499616052CC1001F93A4 /* SelectorSpec.m in Sources */,
				4945499E16053026001F93A4 /* CompositeSpec.m in Sources */,
				494549A3160536B1001F93A4 /* SequenceSpec.m in Sources */,
				49DAC82016064E7100BD1DE5 /* BehaviorTreeSpec.m in Sources */,
				49AC0717160F24DC00516DDD /* ConcurrentSpec.m in Sources */,
				49AC07341610F48600516DDD /* ConditionSpec.m in Sources */,
				49FE27B61629B74100916552 /* TestAction.m in Sources */,
				49FE27B91629B75000916552 /* TestDecorator.m in Sources */,
				49FE27CD162A292400916552 /* TestEntity.m in Sources */,
				49243ED71642EF1A0040271B /* AOPrefixedAction.m in Sources */,
				49F84AB8164E695D00328A7A /* DecoratorSpec.m in Sources */,
				495DC45E1667D63B00A9F332 /* HasValueSpec.m in Sources */,
				49575FF81669239300CB47C7 /* SetValueSpec.m in Sources */,
				4920EF2416D0F38800C8C0A0 /* AlwaysFailSpec.m in Sources */,
				4920EF2F16D0F68000C8C0A0 /* AlwaysSucceedSpec.m in Sources */,
			);
			runOnlyForDeploymentPostprocessing = 0;
		};
		4998C466163494FF00E38F3C /* Sources */ = {
			isa = PBXSourcesBuildPhase;
			buildActionMask = 2147483647;
			files = (
				4998C467163494FF00E38F3C /* AOBehaviorTree.m in Sources */,
				4998C468163494FF00E38F3C /* AOComposite.m in Sources */,
				4998C469163494FF00E38F3C /* AOSelector.m in Sources */,
				4998C46A163494FF00E38F3C /* AOAction.m in Sources */,
				4998C46B163494FF00E38F3C /* AOSequence.m in Sources */,
				4998C46C163494FF00E38F3C /* AOConcurrent.m in Sources */,
				4998C46D163494FF00E38F3C /* AOTask.m in Sources */,
				4998C46E163494FF00E38F3C /* AOCondition.m in Sources */,
				4998C46F163494FF00E38F3C /* AOBehaviorReader.m in Sources */,
				49BA37CB1656BAF400217B48 /* AODecorator.m in Sources */,
				495DC4631667D6BB00A9F332 /* AOHasValue.m in Sources */,
				49575FFD166923E400CB47C7 /* AOSetValue.m in Sources */,
				4920EF2916D0F3CA00C8C0A0 /* AOAlwaysFail.m in Sources */,
				4920EF2D16D0F62800C8C0A0 /* AOAlwaysSucceed.m in Sources */,
			);
			runOnlyForDeploymentPostprocessing = 0;
		};
/* End PBXSourcesBuildPhase section */

/* Begin PBXTargetDependency section */
		49454974160527FD001F93A4 /* PBXTargetDependency */ = {
			isa = PBXTargetDependency;
			target = 4945495B160527FC001F93A4 /* BehaviorTree */;
			targetProxy = 49454973160527FD001F93A4 /* PBXContainerItemProxy */;
		};
/* End PBXTargetDependency section */

/* Begin PBXVariantGroup section */
		49454979160527FD001F93A4 /* InfoPlist.strings */ = {
			isa = PBXVariantGroup;
			children = (
				4945497A160527FD001F93A4 /* en */,
			);
			name = InfoPlist.strings;
			sourceTree = "<group>";
		};
/* End PBXVariantGroup section */

/* Begin XCBuildConfiguration section */
		4945497F160527FD001F93A4 /* Debug */ = {
			isa = XCBuildConfiguration;
			buildSettings = {
				ALWAYS_SEARCH_USER_PATHS = NO;
				ARCHS = "$(ARCHS_STANDARD_32_BIT)";
				CLANG_CXX_LANGUAGE_STANDARD = "gnu++0x";
				CLANG_ENABLE_OBJC_ARC = YES;
				CLANG_WARN_CONSTANT_CONVERSION = YES;
				CLANG_WARN_ENUM_CONVERSION = YES;
				CLANG_WARN_INT_CONVERSION = YES;
				CLANG_WARN__DUPLICATE_METHOD_MATCH = YES;
				COPY_PHASE_STRIP = NO;
				GCC_C_LANGUAGE_STANDARD = gnu99;
				GCC_DYNAMIC_NO_PIC = NO;
				GCC_OPTIMIZATION_LEVEL = 0;
				GCC_PREPROCESSOR_DEFINITIONS = (
					"DEBUG=1",
					"$(inherited)",
				);
				GCC_SYMBOLS_PRIVATE_EXTERN = NO;
				GCC_VERSION = com.apple.compilers.llvm.clang.1_0;
				GCC_WARN_ABOUT_RETURN_TYPE = YES;
				GCC_WARN_UNINITIALIZED_AUTOS = YES;
				GCC_WARN_UNUSED_VARIABLE = YES;
				IPHONEOS_DEPLOYMENT_TARGET = 5.0;
				SDKROOT = iphoneos;
			};
			name = Debug;
		};
		49454980160527FD001F93A4 /* Release */ = {
			isa = XCBuildConfiguration;
			buildSettings = {
				ALWAYS_SEARCH_USER_PATHS = NO;
				ARCHS = "$(ARCHS_STANDARD_32_BIT)";
				CLANG_CXX_LANGUAGE_STANDARD = "gnu++0x";
				CLANG_ENABLE_OBJC_ARC = YES;
				CLANG_WARN_CONSTANT_CONVERSION = YES;
				CLANG_WARN_ENUM_CONVERSION = YES;
				CLANG_WARN_INT_CONVERSION = YES;
				CLANG_WARN__DUPLICATE_METHOD_MATCH = YES;
				COPY_PHASE_STRIP = YES;
				GCC_C_LANGUAGE_STANDARD = gnu99;
				GCC_VERSION = com.apple.compilers.llvm.clang.1_0;
				GCC_WARN_ABOUT_RETURN_TYPE = YES;
				GCC_WARN_UNINITIALIZED_AUTOS = YES;
				GCC_WARN_UNUSED_VARIABLE = YES;
				IPHONEOS_DEPLOYMENT_TARGET = 5.0;
				SDKROOT = iphoneos;
				VALIDATE_PRODUCT = YES;
			};
			name = Release;
		};
		49454982160527FD001F93A4 /* Debug */ = {
			isa = XCBuildConfiguration;
			buildSettings = {
				ALWAYS_SEARCH_USER_PATHS = NO;
				DSTROOT = /tmp/BehaviorTree.dst;
				GCC_PRECOMPILE_PREFIX_HEADER = YES;
				GCC_PREFIX_HEADER = "BehaviorTree/BehaviorTree-Prefix.pch";
				GCC_PREPROCESSOR_DEFINITIONS = "$(inherited)";
				HEADER_SEARCH_PATHS = "";
				OTHER_LDFLAGS = "-ObjC";
				PRODUCT_NAME = "$(TARGET_NAME)";
				SKIP_INSTALL = YES;
				USER_HEADER_SEARCH_PATHS = "${SOURCE_ROOT}/**";
			};
			name = Debug;
		};
		49454983160527FD001F93A4 /* Release */ = {
			isa = XCBuildConfiguration;
			buildSettings = {
				ALWAYS_SEARCH_USER_PATHS = NO;
				DSTROOT = /tmp/BehaviorTree.dst;
				GCC_PRECOMPILE_PREFIX_HEADER = YES;
				GCC_PREFIX_HEADER = "BehaviorTree/BehaviorTree-Prefix.pch";
				HEADER_SEARCH_PATHS = "";
				OTHER_LDFLAGS = "-ObjC";
				PRODUCT_NAME = "$(TARGET_NAME)";
				SKIP_INSTALL = YES;
				USER_HEADER_SEARCH_PATHS = "${SOURCE_ROOT}/**";
			};
			name = Release;
		};
		49454985160527FD001F93A4 /* Debug */ = {
			isa = XCBuildConfiguration;
			buildSettings = {
				FRAMEWORK_SEARCH_PATHS = (
					"\"$(SDKROOT)/Developer/Library/Frameworks\"",
					"\"$(DEVELOPER_LIBRARY_DIR)/Frameworks\"",
				);
				GCC_PRECOMPILE_PREFIX_HEADER = YES;
				GCC_PREFIX_HEADER = "BehaviorTree/BehaviorTree-Prefix.pch";
				GCC_PREPROCESSOR_DEFINITIONS = (
					"DEBUG=1",
					"$(inherited)",
					BTREE_NSLogger,
					TRACE,
				);
				INFOPLIST_FILE = "BehaviorTreeTests/BehaviorTreeTests-Info.plist";
				OTHER_LDFLAGS = "-all_load";
				PRODUCT_NAME = "$(TARGET_NAME)";
				USER_HEADER_SEARCH_PATHS = "${SOURCE_ROOT}/**";
				WRAPPER_EXTENSION = octest;
			};
			name = Debug;
		};
		49454986160527FD001F93A4 /* Release */ = {
			isa = XCBuildConfiguration;
			buildSettings = {
				FRAMEWORK_SEARCH_PATHS = (
					"\"$(SDKROOT)/Developer/Library/Frameworks\"",
					"\"$(DEVELOPER_LIBRARY_DIR)/Frameworks\"",
				);
				GCC_PRECOMPILE_PREFIX_HEADER = YES;
				GCC_PREFIX_HEADER = "BehaviorTree/BehaviorTree-Prefix.pch";
				INFOPLIST_FILE = "BehaviorTreeTests/BehaviorTreeTests-Info.plist";
				OTHER_LDFLAGS = "-all_load";
				PRODUCT_NAME = "$(TARGET_NAME)";
				USER_HEADER_SEARCH_PATHS = "${SOURCE_ROOT}/**";
				WRAPPER_EXTENSION = octest;
			};
			name = Release;
		};
		4998C475163494FF00E38F3C /* Debug */ = {
			isa = XCBuildConfiguration;
			buildSettings = {
				ALWAYS_SEARCH_USER_PATHS = NO;
				DSTROOT = /tmp/BehaviorTree.dst;
				GCC_PRECOMPILE_PREFIX_HEADER = YES;
				GCC_PREFIX_HEADER = "BehaviorTree/BehaviorTree-Prefix.pch";
				GCC_PREPROCESSOR_DEFINITIONS = (
					"$(inherited)",
					BTREE_NSLogger,
					BTREE_NSLog,
				);
				HEADER_SEARCH_PATHS = "";
				OTHER_LDFLAGS = "-ObjC";
				PRODUCT_NAME = "BehaviorTree-verbose";
				SKIP_INSTALL = YES;
				USER_HEADER_SEARCH_PATHS = "${SOURCE_ROOT}/**";
			};
			name = Debug;
		};
		4998C476163494FF00E38F3C /* Release */ = {
			isa = XCBuildConfiguration;
			buildSettings = {
				ALWAYS_SEARCH_USER_PATHS = NO;
				DSTROOT = /tmp/BehaviorTree.dst;
				GCC_PRECOMPILE_PREFIX_HEADER = YES;
				GCC_PREFIX_HEADER = "BehaviorTree/BehaviorTree-Prefix.pch";
				HEADER_SEARCH_PATHS = "";
				OTHER_LDFLAGS = "-ObjC";
				PRODUCT_NAME = "BehaviorTree-verbose";
				SKIP_INSTALL = YES;
				USER_HEADER_SEARCH_PATHS = "${SOURCE_ROOT}/**";
			};
			name = Release;
		};
/* End XCBuildConfiguration section */

/* Begin XCConfigurationList section */
		49454956160527FC001F93A4 /* Build configuration list for PBXProject "BehaviorTree" */ = {
			isa = XCConfigurationList;
			buildConfigurations = (
				4945497F160527FD001F93A4 /* Debug */,
				49454980160527FD001F93A4 /* Release */,
			);
			defaultConfigurationIsVisible = 0;
			defaultConfigurationName = Release;
		};
		49454981160527FD001F93A4 /* Build configuration list for PBXNativeTarget "BehaviorTree" */ = {
			isa = XCConfigurationList;
			buildConfigurations = (
				49454982160527FD001F93A4 /* Debug */,
				49454983160527FD001F93A4 /* Release */,
			);
			defaultConfigurationIsVisible = 0;
			defaultConfigurationName = Release;
		};
		49454984160527FD001F93A4 /* Build configuration list for PBXNativeTarget "BehaviorTreeTests" */ = {
			isa = XCConfigurationList;
			buildConfigurations = (
				49454985160527FD001F93A4 /* Debug */,
				49454986160527FD001F93A4 /* Release */,
			);
			defaultConfigurationIsVisible = 0;
			defaultConfigurationName = Release;
		};
		4998C474163494FF00E38F3C /* Build configuration list for PBXNativeTarget "BehaviorTree-verbose" */ = {
			isa = XCConfigurationList;
			buildConfigurations = (
				4998C475163494FF00E38F3C /* Debug */,
				4998C476163494FF00E38F3C /* Release */,
			);
			defaultConfigurationIsVisible = 0;
			defaultConfigurationName = Release;
		};
/* End XCConfigurationList section */
	};
	rootObject = 49454953160527FC001F93A4 /* Project object */;
}
